
Microsoft Visual Studio Solution File, Format Version 12.00
# Visual Studio Version 17
VisualStudioVersion = 17.0.32014.148
MinimumVisualStudioVersion = 10.0.40219.1
Project("{FAE04EC0-301F-11D3-BF4B-00C04F79EFBC}") = "Assignment CRUD", "Assignment CRUD\Assignment CRUD.csproj", "{CC47CF1A-59DC-44AA-99EC-CC67CA6CA214}"
EndProject
Global
	GlobalSection(SolutionConfigurationPlatforms) = preSolution
		Debug|Any CPU = Debug|Any CPU
		Release|Any CPU = Release|Any CPU
	EndGlobalSection
	GlobalSection(ProjectConfigurationPlatforms) = postSolution
		{CC47CF1A-59DC-44AA-99EC-CC67CA6CA214}.Debug|Any CPU.ActiveCfg = Debug|Any CPU
		{CC47CF1A-59DC-44AA-99EC-CC67CA6CA214}.Debug|Any CPU.Build.0 = Debug|Any CPU
		{CC47CF1A-59DC-44AA-99EC-CC67CA6CA214}.Release|Any CPU.ActiveCfg = Release|Any CPU
		{CC47CF1A-59DC-44AA-99EC-CC67CA6CA214}.Release|Any CPU.Build.0 = Release|Any CPU
	EndGlobalSection
	GlobalSection(SolutionProperties) = preSolution
		HideSolutionNode = FALSE
	EndGlobalSection
	GlobalSection(ExtensibilityGlobals) = postSolution
		SolutionGuid = {F04A25B4-8FCC-453A-BD69-972EE6BBF74E}
	EndGlobalSection
EndGlobal
